
Microsoft Visual Studio Solution File, Format Version 12.00
# Visual Studio Version 17
VisualStudioVersion = 17.4.33110.190
MinimumVisualStudioVersion = 10.0.40219.1
Project("{FAE04EC0-301F-11D3-BF4B-00C04F79EFBC}") = "Stack and Queue", "Stack and Queue.csproj", "{CC6777C1-3007-4E83-8543-DA401D5194F6}"
EndProject
Global
	GlobalSection(SolutionConfigurationPlatforms) = preSolution
		Debug|Any CPU = Debug|Any CPU
		Release|Any CPU = Release|Any CPU
	EndGlobalSection
	GlobalSection(ProjectConfigurationPlatforms) = postSolution
		{CC6777C1-3007-4E83-8543-DA401D5194F6}.Debug|Any CPU.ActiveCfg = Debug|Any CPU
		{CC6777C1-3007-4E83-8543-DA401D5194F6}.Debug|Any CPU.Build.0 = Debug|Any CPU
		{CC6777C1-3007-4E83-8543-DA401D5194F6}.Release|Any CPU.ActiveCfg = Release|Any CPU
		{CC6777C1-3007-4E83-8543-DA401D5194F6}.Release|Any CPU.Build.0 = Release|Any CPU
	EndGlobalSection
	GlobalSection(SolutionProperties) = preSolution
		HideSolutionNode = FALSE
	EndGlobalSection
	GlobalSection(ExtensibilityGlobals) = postSolution
		SolutionGuid = {E6355628-023D-4582-A104-1C6140F6A94A}
	EndGlobalSection
EndGlobal
